
Microsoft Visual Studio Solution File, Format Version 12.00
# Visual Studio Version 17
VisualStudioVersion = 17.0.32014.148
MinimumVisualStudioVersion = 10.0.40219.1
Project("{FAE04EC0-301F-11D3-BF4B-00C04F79EFBC}") = "2024LeetCode", "2024LeetCode\2024LeetCode.csproj", "{52450FE3-5473-4479-AF95-931ED41C3BAA}"
EndProject
Global
	GlobalSection(SolutionConfigurationPlatforms) = preSolution
		Debug|Any CPU = Debug|Any CPU
		Release|Any CPU = Release|Any CPU
	EndGlobalSection
	GlobalSection(ProjectConfigurationPlatforms) = postSolution
		{52450FE3-5473-4479-AF95-931ED41C3BAA}.Debug|Any CPU.ActiveCfg = Debug|Any CPU
		{52450FE3-5473-4479-AF95-931ED41C3BAA}.Debug|Any CPU.Build.0 = Debug|Any CPU
		{52450FE3-5473-4479-AF95-931ED41C3BAA}.Release|Any CPU.ActiveCfg = Release|Any CPU
		{52450FE3-5473-4479-AF95-931ED41C3BAA}.Release|Any CPU.Build.0 = Release|Any CPU
	EndGlobalSection
	GlobalSection(SolutionProperties) = preSolution
		HideSolutionNode = FALSE
	EndGlobalSection
	GlobalSection(ExtensibilityGlobals) = postSolution
		SolutionGuid = {B8EFA0AC-96C2-4570-B1B5-49F8099350B9}
	EndGlobalSection
EndGlobal
